
Microsoft Visual Studio Solution File, Format Version 12.00
# Visual Studio Version 17
VisualStudioVersion = 17.11.35431.28
MinimumVisualStudioVersion = 10.0.40219.1
Project("{FAE04EC0-301F-11D3-BF4B-00C04F79EFBC}") = "Lab_1", "Lab_1\Lab_1.csproj", "{9E70B3AE-DD74-4E22-9C51-0A4A5147ADDA}"
EndProject
Project("{FAE04EC0-301F-11D3-BF4B-00C04F79EFBC}") = "CalculatorLibrary", "CalculatorLibrary\CalculatorLibrary.csproj", "{289655C8-A74E-44C5-AD9A-E9C0B2C7808F}"
EndProject
Global
	GlobalSection(SolutionConfigurationPlatforms) = preSolution
		Debug|Any CPU = Debug|Any CPU
		Release|Any CPU = Release|Any CPU
	EndGlobalSection
	GlobalSection(ProjectConfigurationPlatforms) = postSolution
		{9E70B3AE-DD74-4E22-9C51-0A4A5147ADDA}.Debug|Any CPU.ActiveCfg = Debug|Any CPU
		{9E70B3AE-DD74-4E22-9C51-0A4A5147ADDA}.Debug|Any CPU.Build.0 = Debug|Any CPU
		{9E70B3AE-DD74-4E22-9C51-0A4A5147ADDA}.Release|Any CPU.ActiveCfg = Release|Any CPU
		{9E70B3AE-DD74-4E22-9C51-0A4A5147ADDA}.Release|Any CPU.Build.0 = Release|Any CPU
		{289655C8-A74E-44C5-AD9A-E9C0B2C7808F}.Debug|Any CPU.ActiveCfg = Debug|Any CPU
		{289655C8-A74E-44C5-AD9A-E9C0B2C7808F}.Debug|Any CPU.Build.0 = Debug|Any CPU
		{289655C8-A74E-44C5-AD9A-E9C0B2C7808F}.Release|Any CPU.ActiveCfg = Release|Any CPU
		{289655C8-A74E-44C5-AD9A-E9C0B2C7808F}.Release|Any CPU.Build.0 = Release|Any CPU
	EndGlobalSection
	GlobalSection(SolutionProperties) = preSolution
		HideSolutionNode = FALSE
	EndGlobalSection
	GlobalSection(ExtensibilityGlobals) = postSolution
		SolutionGuid = {F4438DD9-EC25-4F48-8ECD-147D9C54D322}
	EndGlobalSection
EndGlobal
